
Microsoft Visual Studio Solution File, Format Version 12.00
Project("{2150E333-8FDC-42A3-9474-1A3956D46DE8}") = "src", "src", "{3A587F56-2293-43CF-A9AE-E9DB7DDCF955}"
EndProject
Project("{2150E333-8FDC-42A3-9474-1A3956D46DE8}") = "tests", "tests", "{673C1C1B-F9F8-42FB-89E1-7816F231E097}"
EndProject
Project("{2150E333-8FDC-42A3-9474-1A3956D46DE8}") = "Aspire", "Aspire", "{AC150A15-DCF3-4329-ADDC-67DCAC5A21EA}"
EndProject
Project("{FAE04EC0-301F-11D3-BF4B-00C04F79EFBC}") = "NConnect.Aspire.AppHost", "src\Aspire\NConnect.Aspire.AppHost\NConnect.Aspire.AppHost.csproj", "{2852DA61-4F1C-464D-9FDC-1DB85712D6ED}"
EndProject
Project("{2150E333-8FDC-42A3-9474-1A3956D46DE8}") = "Services", "Services", "{0FA16335-DC1D-4ED5-A36F-DB91CAEB321A}"
EndProject
Project("{2150E333-8FDC-42A3-9474-1A3956D46DE8}") = "Shared", "Shared", "{960B94F4-78EA-417C-B702-19F40CE42496}"
EndProject
Project("{2150E333-8FDC-42A3-9474-1A3956D46DE8}") = "Profiles", "Profiles", "{9CFEBBE8-5D5C-429F-8E5B-DCCA282E9A5E}"
EndProject
Project("{2150E333-8FDC-42A3-9474-1A3956D46DE8}") = "Chats", "Chats", "{0990407E-5CCC-426B-9D3C-D5AA0B0E0161}"
EndProject
Project("{2150E333-8FDC-42A3-9474-1A3956D46DE8}") = "Messages", "Messages", "{B9E28891-929F-427F-AC92-04B3DF2B2084}"
EndProject
Project("{2150E333-8FDC-42A3-9474-1A3956D46DE8}") = "Media", "Media", "{F97375E1-E769-49AF-9EB7-84BC5E411845}"
EndProject
Project("{2150E333-8FDC-42A3-9474-1A3956D46DE8}") = "Notifications", "Notifications", "{CB4A0A31-80B1-4EDB-92AC-65CB29F068A2}"
EndProject
Project("{2150E333-8FDC-42A3-9474-1A3956D46DE8}") = "Saga", "Saga", "{D6D2A7C6-C069-40D0-B5D4-D54B962E740C}"
EndProject
Project("{2150E333-8FDC-42A3-9474-1A3956D46DE8}") = "Status", "Status", "{E50F3DBC-8749-4A5B-9394-A7BBD3C10D30}"
EndProject
Project("{FAE04EC0-301F-11D3-BF4B-00C04F79EFBC}") = "NConnect.Aspire.ServiceDefaults", "src\Aspire\NConnect.Aspire.ServiceDefaults\NConnect.Aspire.ServiceDefaults.csproj", "{29B772C6-0801-43A2-85DB-5F283217DC12}"
EndProject
Project("{2150E333-8FDC-42A3-9474-1A3956D46DE8}") = "APIGateway", "APIGateway", "{1F26A322-A80E-4054-8CE1-5A3C43942441}"
EndProject
Project("{FAE04EC0-301F-11D3-BF4B-00C04F79EFBC}") = "NConnect.APIGateway", "src\APIGateway\NConnect.APIGateway\NConnect.APIGateway.csproj", "{A0512843-DB40-4ECD-8826-64B96CD9E3CC}"
EndProject
Project("{FAE04EC0-301F-11D3-BF4B-00C04F79EFBC}") = "NConnect.Services.Saga", "src\Services\NConnect.Services.Saga\NConnect.Services.Saga.csproj", "{5DBBAC62-3813-40C8-8685-180C946BE3A0}"
EndProject
Project("{FAE04EC0-301F-11D3-BF4B-00C04F79EFBC}") = "NConnect.Shared.Common", "src\Shared\NConnect.Shared.Common\NConnect.Shared.Common.csproj", "{956E03A8-597D-4070-8D6E-E406588B69E0}"
EndProject
Project("{FAE04EC0-301F-11D3-BF4B-00C04F79EFBC}") = "NConnect.Shared.Api", "src\Shared\NConnect.Shared.Api\NConnect.Shared.Api.csproj", "{9EF2A9FF-6900-4A6C-8D51-47892CFC4D89}"
EndProject
Project("{FAE04EC0-301F-11D3-BF4B-00C04F79EFBC}") = "NConnect.Shared.Base", "src\Shared\NConnect.Shared.Base\NConnect.Shared.Base.csproj", "{35D73FEE-D06A-4153-BF31-71D2A8747547}"
EndProject
Project("{FAE04EC0-301F-11D3-BF4B-00C04F79EFBC}") = "NConnect.Shared.Observability", "src\Shared\NConnect.Shared.Observability\NConnect.Shared.Observability.csproj", "{67443D8E-F11C-4DCA-BD22-A256B6751322}"
EndProject
Project("{FAE04EC0-301F-11D3-BF4B-00C04F79EFBC}") = "NConnect.Shared.Contexts", "src\Shared\NConnect.Shared.Contexts\NConnect.Shared.Contexts.csproj", "{F9316F6D-E3E3-4812-867A-E8F828D7220B}"
EndProject
Global
	GlobalSection(SolutionConfigurationPlatforms) = preSolution
		Debug|Any CPU = Debug|Any CPU
		Release|Any CPU = Release|Any CPU
	EndGlobalSection
	GlobalSection(NestedProjects) = preSolution
		{AC150A15-DCF3-4329-ADDC-67DCAC5A21EA} = {3A587F56-2293-43CF-A9AE-E9DB7DDCF955}
		{2852DA61-4F1C-464D-9FDC-1DB85712D6ED} = {AC150A15-DCF3-4329-ADDC-67DCAC5A21EA}
		{0FA16335-DC1D-4ED5-A36F-DB91CAEB321A} = {3A587F56-2293-43CF-A9AE-E9DB7DDCF955}
		{960B94F4-78EA-417C-B702-19F40CE42496} = {3A587F56-2293-43CF-A9AE-E9DB7DDCF955}
		{9CFEBBE8-5D5C-429F-8E5B-DCCA282E9A5E} = {0FA16335-DC1D-4ED5-A36F-DB91CAEB321A}
		{0990407E-5CCC-426B-9D3C-D5AA0B0E0161} = {0FA16335-DC1D-4ED5-A36F-DB91CAEB321A}
		{B9E28891-929F-427F-AC92-04B3DF2B2084} = {0FA16335-DC1D-4ED5-A36F-DB91CAEB321A}
		{F97375E1-E769-49AF-9EB7-84BC5E411845} = {0FA16335-DC1D-4ED5-A36F-DB91CAEB321A}
		{CB4A0A31-80B1-4EDB-92AC-65CB29F068A2} = {0FA16335-DC1D-4ED5-A36F-DB91CAEB321A}
		{D6D2A7C6-C069-40D0-B5D4-D54B962E740C} = {0FA16335-DC1D-4ED5-A36F-DB91CAEB321A}
		{E50F3DBC-8749-4A5B-9394-A7BBD3C10D30} = {0FA16335-DC1D-4ED5-A36F-DB91CAEB321A}
		{29B772C6-0801-43A2-85DB-5F283217DC12} = {AC150A15-DCF3-4329-ADDC-67DCAC5A21EA}
		{1F26A322-A80E-4054-8CE1-5A3C43942441} = {3A587F56-2293-43CF-A9AE-E9DB7DDCF955}
		{A0512843-DB40-4ECD-8826-64B96CD9E3CC} = {1F26A322-A80E-4054-8CE1-5A3C43942441}
		{5DBBAC62-3813-40C8-8685-180C946BE3A0} = {D6D2A7C6-C069-40D0-B5D4-D54B962E740C}
		{956E03A8-597D-4070-8D6E-E406588B69E0} = {960B94F4-78EA-417C-B702-19F40CE42496}
		{9EF2A9FF-6900-4A6C-8D51-47892CFC4D89} = {960B94F4-78EA-417C-B702-19F40CE42496}
		{35D73FEE-D06A-4153-BF31-71D2A8747547} = {960B94F4-78EA-417C-B702-19F40CE42496}
		{67443D8E-F11C-4DCA-BD22-A256B6751322} = {960B94F4-78EA-417C-B702-19F40CE42496}
		{F9316F6D-E3E3-4812-867A-E8F828D7220B} = {960B94F4-78EA-417C-B702-19F40CE42496}
	EndGlobalSection
	GlobalSection(ProjectConfigurationPlatforms) = postSolution
		{2852DA61-4F1C-464D-9FDC-1DB85712D6ED}.Debug|Any CPU.ActiveCfg = Debug|Any CPU
		{2852DA61-4F1C-464D-9FDC-1DB85712D6ED}.Debug|Any CPU.Build.0 = Debug|Any CPU
		{2852DA61-4F1C-464D-9FDC-1DB85712D6ED}.Release|Any CPU.ActiveCfg = Release|Any CPU
		{2852DA61-4F1C-464D-9FDC-1DB85712D6ED}.Release|Any CPU.Build.0 = Release|Any CPU
		{29B772C6-0801-43A2-85DB-5F283217DC12}.Debug|Any CPU.ActiveCfg = Debug|Any CPU
		{29B772C6-0801-43A2-85DB-5F283217DC12}.Debug|Any CPU.Build.0 = Debug|Any CPU
		{29B772C6-0801-43A2-85DB-5F283217DC12}.Release|Any CPU.ActiveCfg = Release|Any CPU
		{29B772C6-0801-43A2-85DB-5F283217DC12}.Release|Any CPU.Build.0 = Release|Any CPU
		{A0512843-DB40-4ECD-8826-64B96CD9E3CC}.Debug|Any CPU.ActiveCfg = Debug|Any CPU
		{A0512843-DB40-4ECD-8826-64B96CD9E3CC}.Debug|Any CPU.Build.0 = Debug|Any CPU
		{A0512843-DB40-4ECD-8826-64B96CD9E3CC}.Release|Any CPU.ActiveCfg = Release|Any CPU
		{A0512843-DB40-4ECD-8826-64B96CD9E3CC}.Release|Any CPU.Build.0 = Release|Any CPU
		{5DBBAC62-3813-40C8-8685-180C946BE3A0}.Debug|Any CPU.ActiveCfg = Debug|Any CPU
		{5DBBAC62-3813-40C8-8685-180C946BE3A0}.Debug|Any CPU.Build.0 = Debug|Any CPU
		{5DBBAC62-3813-40C8-8685-180C946BE3A0}.Release|Any CPU.ActiveCfg = Release|Any CPU
		{5DBBAC62-3813-40C8-8685-180C946BE3A0}.Release|Any CPU.Build.0 = Release|Any CPU
		{956E03A8-597D-4070-8D6E-E406588B69E0}.Debug|Any CPU.ActiveCfg = Debug|Any CPU
		{956E03A8-597D-4070-8D6E-E406588B69E0}.Debug|Any CPU.Build.0 = Debug|Any CPU
		{956E03A8-597D-4070-8D6E-E406588B69E0}.Release|Any CPU.ActiveCfg = Release|Any CPU
		{956E03A8-597D-4070-8D6E-E406588B69E0}.Release|Any CPU.Build.0 = Release|Any CPU
		{9EF2A9FF-6900-4A6C-8D51-47892CFC4D89}.Debug|Any CPU.ActiveCfg = Debug|Any CPU
		{9EF2A9FF-6900-4A6C-8D51-47892CFC4D89}.Debug|Any CPU.Build.0 = Debug|Any CPU
		{9EF2A9FF-6900-4A6C-8D51-47892CFC4D89}.Release|Any CPU.ActiveCfg = Release|Any CPU
		{9EF2A9FF-6900-4A6C-8D51-47892CFC4D89}.Release|Any CPU.Build.0 = Release|Any CPU
		{35D73FEE-D06A-4153-BF31-71D2A8747547}.Debug|Any CPU.ActiveCfg = Debug|Any CPU
		{35D73FEE-D06A-4153-BF31-71D2A8747547}.Debug|Any CPU.Build.0 = Debug|Any CPU
		{35D73FEE-D06A-4153-BF31-71D2A8747547}.Release|Any CPU.ActiveCfg = Release|Any CPU
		{35D73FEE-D06A-4153-BF31-71D2A8747547}.Release|Any CPU.Build.0 = Release|Any CPU
		{67443D8E-F11C-4DCA-BD22-A256B6751322}.Debug|Any CPU.ActiveCfg = Debug|Any CPU
		{67443D8E-F11C-4DCA-BD22-A256B6751322}.Debug|Any CPU.Build.0 = Debug|Any CPU
		{67443D8E-F11C-4DCA-BD22-A256B6751322}.Release|Any CPU.ActiveCfg = Release|Any CPU
		{67443D8E-F11C-4DCA-BD22-A256B6751322}.Release|Any CPU.Build.0 = Release|Any CPU
		{F9316F6D-E3E3-4812-867A-E8F828D7220B}.Debug|Any CPU.ActiveCfg = Debug|Any CPU
		{F9316F6D-E3E3-4812-867A-E8F828D7220B}.Debug|Any CPU.Build.0 = Debug|Any CPU
		{F9316F6D-E3E3-4812-867A-E8F828D7220B}.Release|Any CPU.ActiveCfg = Release|Any CPU
		{F9316F6D-E3E3-4812-867A-E8F828D7220B}.Release|Any CPU.Build.0 = Release|Any CPU
	EndGlobalSection
EndGlobal
